
Microsoft Visual Studio Solution File, Format Version 12.00
# Visual Studio Version 17
VisualStudioVersion = 17.4.33122.133
MinimumVisualStudioVersion = 10.0.40219.1
Project("{FAE04EC0-301F-11D3-BF4B-00C04F79EFBC}") = "Nzwalks.API", "Nzwalks.API\Nzwalks.API.csproj", "{56055731-50AC-4BFA-AFA8-2C1F5DFE8DBB}"
EndProject
Global
	GlobalSection(SolutionConfigurationPlatforms) = preSolution
		Debug|Any CPU = Debug|Any CPU
		Release|Any CPU = Release|Any CPU
	EndGlobalSection
	GlobalSection(ProjectConfigurationPlatforms) = postSolution
		{56055731-50AC-4BFA-AFA8-2C1F5DFE8DBB}.Debug|Any CPU.ActiveCfg = Debug|Any CPU
		{56055731-50AC-4BFA-AFA8-2C1F5DFE8DBB}.Debug|Any CPU.Build.0 = Debug|Any CPU
		{56055731-50AC-4BFA-AFA8-2C1F5DFE8DBB}.Release|Any CPU.ActiveCfg = Release|Any CPU
		{56055731-50AC-4BFA-AFA8-2C1F5DFE8DBB}.Release|Any CPU.Build.0 = Release|Any CPU
	EndGlobalSection
	GlobalSection(SolutionProperties) = preSolution
		HideSolutionNode = FALSE
	EndGlobalSection
	GlobalSection(ExtensibilityGlobals) = postSolution
		SolutionGuid = {3ED158ED-B2B9-4031-A992-0AD1CADA02B0}
	EndGlobalSection
EndGlobal
